
Microsoft Visual Studio Solution File, Format Version 12.00
# Visual Studio 15
VisualStudioVersion = 15.0.27130.2020
MinimumVisualStudioVersion = 10.0.40219.1
Project("{FAE04EC0-301F-11D3-BF4B-00C04F79EFBC}") = "FirstTouchDashBoard", "FirstTouchDashBoard\FirstTouchDashBoard.csproj", "{9AE8A936-9DC8-496A-AAC0-8CDBE5B07D4E}"
EndProject
Global
	GlobalSection(SolutionConfigurationPlatforms) = preSolution
		Debug|Any CPU = Debug|Any CPU
		Release|Any CPU = Release|Any CPU
	EndGlobalSection
	GlobalSection(ProjectConfigurationPlatforms) = postSolution
		{9AE8A936-9DC8-496A-AAC0-8CDBE5B07D4E}.Debug|Any CPU.ActiveCfg = Debug|Any CPU
		{9AE8A936-9DC8-496A-AAC0-8CDBE5B07D4E}.Debug|Any CPU.Build.0 = Debug|Any CPU
		{9AE8A936-9DC8-496A-AAC0-8CDBE5B07D4E}.Release|Any CPU.ActiveCfg = Release|Any CPU
		{9AE8A936-9DC8-496A-AAC0-8CDBE5B07D4E}.Release|Any CPU.Build.0 = Release|Any CPU
	EndGlobalSection
	GlobalSection(SolutionProperties) = preSolution
		HideSolutionNode = FALSE
	EndGlobalSection
	GlobalSection(ExtensibilityGlobals) = postSolution
		SolutionGuid = {C9D0FE88-8EA0-4A03-B1DB-6C5D27844870}
	EndGlobalSection
EndGlobal
